
Microsoft Visual Studio Solution File, Format Version 12.00
# Visual Studio 15
VisualStudioVersion = 15.0.28307.1433
MinimumVisualStudioVersion = 10.0.40219.1
Project("{9A19103F-16F7-4668-BE54-9A1E7A4F7556}") = "Sendy", "1531Entertainment\Sendy.csproj", "{2A1B95B5-7242-4991-8A98-53F00F5E689F}"
EndProject
Global
	GlobalSection(SolutionConfigurationPlatforms) = preSolution
		Debug|Any CPU = Debug|Any CPU
		Release|Any CPU = Release|Any CPU
	EndGlobalSection
	GlobalSection(ProjectConfigurationPlatforms) = postSolution
		{2A1B95B5-7242-4991-8A98-53F00F5E689F}.Debug|Any CPU.ActiveCfg = Debug|Any CPU
		{2A1B95B5-7242-4991-8A98-53F00F5E689F}.Debug|Any CPU.Build.0 = Debug|Any CPU
		{2A1B95B5-7242-4991-8A98-53F00F5E689F}.Release|Any CPU.ActiveCfg = Release|Any CPU
		{2A1B95B5-7242-4991-8A98-53F00F5E689F}.Release|Any CPU.Build.0 = Release|Any CPU
	EndGlobalSection
	GlobalSection(SolutionProperties) = preSolution
		HideSolutionNode = FALSE
	EndGlobalSection
	GlobalSection(ExtensibilityGlobals) = postSolution
		SolutionGuid = {7026E82C-48DA-46C7-B77D-EBF54A66D003}
	EndGlobalSection
EndGlobal
